
Microsoft Visual Studio Solution File, Format Version 12.00
# Visual Studio Version 17
VisualStudioVersion = 17.2.32630.192
MinimumVisualStudioVersion = 10.0.40219.1
Project("{9A19103F-16F7-4668-BE54-9A1E7A4F7556}") = "MarsRoverKata", "MarsRoverKata\MarsRoverKata.csproj", "{BD9466DF-3364-4FF7-BB11-A9EFAE4AF6F9}"
EndProject
Project("{FAE04EC0-301F-11D3-BF4B-00C04F79EFBC}") = "MarsRoverKataTest", "MarsRoverTest\MarsRoverKataTest.csproj", "{B28F71A9-350B-44A1-869A-E278A5FBAEA5}"
EndProject
Global
	GlobalSection(SolutionConfigurationPlatforms) = preSolution
		Debug|Any CPU = Debug|Any CPU
		Release|Any CPU = Release|Any CPU
	EndGlobalSection
	GlobalSection(ProjectConfigurationPlatforms) = postSolution
		{BD9466DF-3364-4FF7-BB11-A9EFAE4AF6F9}.Debug|Any CPU.ActiveCfg = Debug|Any CPU
		{BD9466DF-3364-4FF7-BB11-A9EFAE4AF6F9}.Debug|Any CPU.Build.0 = Debug|Any CPU
		{BD9466DF-3364-4FF7-BB11-A9EFAE4AF6F9}.Release|Any CPU.ActiveCfg = Release|Any CPU
		{BD9466DF-3364-4FF7-BB11-A9EFAE4AF6F9}.Release|Any CPU.Build.0 = Release|Any CPU
		{B28F71A9-350B-44A1-869A-E278A5FBAEA5}.Debug|Any CPU.ActiveCfg = Debug|Any CPU
		{B28F71A9-350B-44A1-869A-E278A5FBAEA5}.Debug|Any CPU.Build.0 = Debug|Any CPU
		{B28F71A9-350B-44A1-869A-E278A5FBAEA5}.Release|Any CPU.ActiveCfg = Release|Any CPU
		{B28F71A9-350B-44A1-869A-E278A5FBAEA5}.Release|Any CPU.Build.0 = Release|Any CPU
	EndGlobalSection
	GlobalSection(SolutionProperties) = preSolution
		HideSolutionNode = FALSE
	EndGlobalSection
	GlobalSection(ExtensibilityGlobals) = postSolution
		SolutionGuid = {F125D016-CFED-4C2C-B605-7BC70FE9DB61}
	EndGlobalSection
EndGlobal
